// !$*UTF8*$!
{
	archiveVersion = 1;
	classes = {
	};
	objectVersion = 56;
	objects = {

/* Begin PBXBuildFile section */
		522F13554FE67F9DDE117D65 /* Pods_ShoppingApp.framework in Frameworks */ = {isa = PBXBuildFile; fileRef = 54BE36CFD1CF5E6BC92DC916 /* Pods_ShoppingApp.framework */; };
		847AB10E2C2313E30046D3DF /* AppDelegate.swift in Sources */ = {isa = PBXBuildFile; fileRef = 847AB10D2C2313E30046D3DF /* AppDelegate.swift */; };
		847AB1102C2313E30046D3DF /* SceneDelegate.swift in Sources */ = {isa = PBXBuildFile; fileRef = 847AB10F2C2313E30046D3DF /* SceneDelegate.swift */; };
		847AB1122C2313E30046D3DF /* ViewController.swift in Sources */ = {isa = PBXBuildFile; fileRef = 847AB1112C2313E30046D3DF /* ViewController.swift */; };
		847AB1152C2313E30046D3DF /* Base in Resources */ = {isa = PBXBuildFile; fileRef = 847AB1142C2313E30046D3DF /* Base */; };
		847AB1172C2313E50046D3DF /* Assets.xcassets in Resources */ = {isa = PBXBuildFile; fileRef = 847AB1162C2313E50046D3DF /* Assets.xcassets */; };
		847AB11A2C2313E50046D3DF /* Base in Resources */ = {isa = PBXBuildFile; fileRef = 847AB1192C2313E50046D3DF /* Base */; };
		847AB1452C2316110046D3DF /* SnapKit in Frameworks */ = {isa = PBXBuildFile; productRef = 847AB1442C2316110046D3DF /* SnapKit */; };
		847AB1492C232B4F0046D3DF /* Apollo in Frameworks */ = {isa = PBXBuildFile; productRef = 847AB1482C232B4F0046D3DF /* Apollo */; };
		847AB14B2C232B4F0046D3DF /* Apollo-Dynamic in Frameworks */ = {isa = PBXBuildFile; productRef = 847AB14A2C232B4F0046D3DF /* Apollo-Dynamic */; };
		847AB14D2C232B4F0046D3DF /* ApolloAPI in Frameworks */ = {isa = PBXBuildFile; productRef = 847AB14C2C232B4F0046D3DF /* ApolloAPI */; };
		847AB14F2C232B4F0046D3DF /* ApolloSQLite in Frameworks */ = {isa = PBXBuildFile; productRef = 847AB14E2C232B4F0046D3DF /* ApolloSQLite */; };
		847AB1512C232F4B0046D3DF /* Network.swift in Sources */ = {isa = PBXBuildFile; fileRef = 847AB1502C232F4B0046D3DF /* Network.swift */; };
/* End PBXBuildFile section */

/* Begin PBXFileReference section */
		1C9BABD968717C6B1F4EFE5D /* Pods-ShoppingAppTests.debug.xcconfig */ = {isa = PBXFileReference; includeInIndex = 1; lastKnownFileType = text.xcconfig; name = "Pods-ShoppingAppTests.debug.xcconfig"; path = "Target Support Files/Pods-ShoppingAppTests/Pods-ShoppingAppTests.debug.xcconfig"; sourceTree = "<group>"; };
		2B8F0513C6DE840FAD32C338 /* Pods_ShoppingAppTests.framework */ = {isa = PBXFileReference; explicitFileType = wrapper.framework; includeInIndex = 0; path = Pods_ShoppingAppTests.framework; sourceTree = BUILT_PRODUCTS_DIR; };
		493832062ACB280076114FDA /* Pods-ShoppingApp.debug.xcconfig */ = {isa = PBXFileReference; includeInIndex = 1; lastKnownFileType = text.xcconfig; name = "Pods-ShoppingApp.debug.xcconfig"; path = "Target Support Files/Pods-ShoppingApp/Pods-ShoppingApp.debug.xcconfig"; sourceTree = "<group>"; };
		500AE14AC6FD36033FCF04BE /* Pods-ShoppingApp.release.xcconfig */ = {isa = PBXFileReference; includeInIndex = 1; lastKnownFileType = text.xcconfig; name = "Pods-ShoppingApp.release.xcconfig"; path = "Target Support Files/Pods-ShoppingApp/Pods-ShoppingApp.release.xcconfig"; sourceTree = "<group>"; };
		54BE36CFD1CF5E6BC92DC916 /* Pods_ShoppingApp.framework */ = {isa = PBXFileReference; explicitFileType = wrapper.framework; includeInIndex = 0; path = Pods_ShoppingApp.framework; sourceTree = BUILT_PRODUCTS_DIR; };
		847AB10A2C2313E30046D3DF /* ShoppingApp.app */ = {isa = PBXFileReference; explicitFileType = wrapper.application; includeInIndex = 0; path = ShoppingApp.app; sourceTree = BUILT_PRODUCTS_DIR; };
		847AB10D2C2313E30046D3DF /* AppDelegate.swift */ = {isa = PBXFileReference; lastKnownFileType = sourcecode.swift; path = AppDelegate.swift; sourceTree = "<group>"; };
		847AB10F2C2313E30046D3DF /* SceneDelegate.swift */ = {isa = PBXFileReference; lastKnownFileType = sourcecode.swift; path = SceneDelegate.swift; sourceTree = "<group>"; };
		847AB1112C2313E30046D3DF /* ViewController.swift */ = {isa = PBXFileReference; lastKnownFileType = sourcecode.swift; path = ViewController.swift; sourceTree = "<group>"; };
		847AB1142C2313E30046D3DF /* Base */ = {isa = PBXFileReference; lastKnownFileType = file.storyboard; name = Base; path = Base.lproj/Main.storyboard; sourceTree = "<group>"; };
		847AB1162C2313E50046D3DF /* Assets.xcassets */ = {isa = PBXFileReference; lastKnownFileType = folder.assetcatalog; path = Assets.xcassets; sourceTree = "<group>"; };
		847AB1192C2313E50046D3DF /* Base */ = {isa = PBXFileReference; lastKnownFileType = file.storyboard; name = Base; path = Base.lproj/LaunchScreen.storyboard; sourceTree = "<group>"; };
		847AB11B2C2313E50046D3DF /* Info.plist */ = {isa = PBXFileReference; lastKnownFileType = text.plist.xml; path = Info.plist; sourceTree = "<group>"; };
		847AB1502C232F4B0046D3DF /* Network.swift */ = {isa = PBXFileReference; lastKnownFileType = sourcecode.swift; path = Network.swift; sourceTree = "<group>"; };
		BE49C0357CD0DA80FD74785A /* Pods-ShoppingApp-ShoppingAppUITests.release.xcconfig */ = {isa = PBXFileReference; includeInIndex = 1; lastKnownFileType = text.xcconfig; name = "Pods-ShoppingApp-ShoppingAppUITests.release.xcconfig"; path = "Target Support Files/Pods-ShoppingApp-ShoppingAppUITests/Pods-ShoppingApp-ShoppingAppUITests.release.xcconfig"; sourceTree = "<group>"; };
		D17F2AAF4D72600D1E585D46 /* Pods-ShoppingAppTests.release.xcconfig */ = {isa = PBXFileReference; includeInIndex = 1; lastKnownFileType = text.xcconfig; name = "Pods-ShoppingAppTests.release.xcconfig"; path = "Target Support Files/Pods-ShoppingAppTests/Pods-ShoppingAppTests.release.xcconfig"; sourceTree = "<group>"; };
		E910A07B143CDFEF8D69627B /* Pods-ShoppingApp-ShoppingAppUITests.debug.xcconfig */ = {isa = PBXFileReference; includeInIndex = 1; lastKnownFileType = text.xcconfig; name = "Pods-ShoppingApp-ShoppingAppUITests.debug.xcconfig"; path = "Target Support Files/Pods-ShoppingApp-ShoppingAppUITests/Pods-ShoppingApp-ShoppingAppUITests.debug.xcconfig"; sourceTree = "<group>"; };
		FF1BFDAF8343C68321750404 /* Pods_ShoppingApp_ShoppingAppUITests.framework */ = {isa = PBXFileReference; explicitFileType = wrapper.framework; includeInIndex = 0; path = Pods_ShoppingApp_ShoppingAppUITests.framework; sourceTree = BUILT_PRODUCTS_DIR; };
/* End PBXFileReference section */

/* Begin PBXFrameworksBuildPhase section */
		847AB1072C2313E30046D3DF /* Frameworks */ = {
			isa = PBXFrameworksBuildPhase;
			buildActionMask = 2147483647;
			files = (
				847AB1452C2316110046D3DF /* SnapKit in Frameworks */,
				847AB1492C232B4F0046D3DF /* Apollo in Frameworks */,
				522F13554FE67F9DDE117D65 /* Pods_ShoppingApp.framework in Frameworks */,
				847AB14B2C232B4F0046D3DF /* Apollo-Dynamic in Frameworks */,
				847AB14D2C232B4F0046D3DF /* ApolloAPI in Frameworks */,
				847AB14F2C232B4F0046D3DF /* ApolloSQLite in Frameworks */,
			);
			runOnlyForDeploymentPostprocessing = 0;
		};
/* End PBXFrameworksBuildPhase section */

/* Begin PBXGroup section */
		847AB1012C2313E30046D3DF = {
			isa = PBXGroup;
			children = (
				847AB10C2C2313E30046D3DF /* ShoppingApp */,
				847AB10B2C2313E30046D3DF /* Products */,
				D6133808F55FC0FC7F4FDC3B /* Pods */,
				CABF13A9712A3415DD53B9B9 /* Frameworks */,
			);
			sourceTree = "<group>";
		};
		847AB10B2C2313E30046D3DF /* Products */ = {
			isa = PBXGroup;
			children = (
				847AB10A2C2313E30046D3DF /* ShoppingApp.app */,
			);
			name = Products;
			sourceTree = "<group>";
		};
		847AB10C2C2313E30046D3DF /* ShoppingApp */ = {
			isa = PBXGroup;
			children = (
				847AB1422C2314B40046D3DF /* New Group4 */,
				847AB1412C2314B10046D3DF /* New Group3 */,
				847AB1402C2314AD0046D3DF /* New Group2 */,
				847AB13F2C2314A90046D3DF /* New Group1 */,
				847AB13E2C2314A50046D3DF /* New Group */,
				847AB13D2C23149E0046D3DF /* App */,
				847AB1132C2313E30046D3DF /* Main.storyboard */,
				847AB1162C2313E50046D3DF /* Assets.xcassets */,
				847AB1182C2313E50046D3DF /* LaunchScreen.storyboard */,
				847AB11B2C2313E50046D3DF /* Info.plist */,
			);
			path = ShoppingApp;
			sourceTree = "<group>";
		};
		847AB13D2C23149E0046D3DF /* App */ = {
			isa = PBXGroup;
			children = (
				847AB10D2C2313E30046D3DF /* AppDelegate.swift */,
				847AB10F2C2313E30046D3DF /* SceneDelegate.swift */,
				847AB1112C2313E30046D3DF /* ViewController.swift */,
			);
			path = App;
			sourceTree = "<group>";
		};
		847AB13E2C2314A50046D3DF /* New Group */ = {
			isa = PBXGroup;
			children = (
				847AB1502C232F4B0046D3DF /* Network.swift */,
			);
			path = "New Group";
			sourceTree = "<group>";
		};
		847AB13F2C2314A90046D3DF /* New Group1 */ = {
			isa = PBXGroup;
			children = (
			);
			path = "New Group1";
			sourceTree = "<group>";
		};
		847AB1402C2314AD0046D3DF /* New Group2 */ = {
			isa = PBXGroup;
			children = (
			);
			path = "New Group2";
			sourceTree = "<group>";
		};
		847AB1412C2314B10046D3DF /* New Group3 */ = {
			isa = PBXGroup;
			children = (
			);
			path = "New Group3";
			sourceTree = "<group>";
		};
		847AB1422C2314B40046D3DF /* New Group4 */ = {
			isa = PBXGroup;
			children = (
			);
			path = "New Group4";
			sourceTree = "<group>";
		};
		CABF13A9712A3415DD53B9B9 /* Frameworks */ = {
			isa = PBXGroup;
			children = (
				54BE36CFD1CF5E6BC92DC916 /* Pods_ShoppingApp.framework */,
				FF1BFDAF8343C68321750404 /* Pods_ShoppingApp_ShoppingAppUITests.framework */,
				2B8F0513C6DE840FAD32C338 /* Pods_ShoppingAppTests.framework */,
			);
			name = Frameworks;
			sourceTree = "<group>";
		};
		D6133808F55FC0FC7F4FDC3B /* Pods */ = {
			isa = PBXGroup;
			children = (
				493832062ACB280076114FDA /* Pods-ShoppingApp.debug.xcconfig */,
				500AE14AC6FD36033FCF04BE /* Pods-ShoppingApp.release.xcconfig */,
				E910A07B143CDFEF8D69627B /* Pods-ShoppingApp-ShoppingAppUITests.debug.xcconfig */,
				BE49C0357CD0DA80FD74785A /* Pods-ShoppingApp-ShoppingAppUITests.release.xcconfig */,
				1C9BABD968717C6B1F4EFE5D /* Pods-ShoppingAppTests.debug.xcconfig */,
				D17F2AAF4D72600D1E585D46 /* Pods-ShoppingAppTests.release.xcconfig */,
			);
			path = Pods;
			sourceTree = "<group>";
		};
/* End PBXGroup section */

/* Begin PBXNativeTarget section */
		847AB1092C2313E30046D3DF /* ShoppingApp */ = {
			isa = PBXNativeTarget;
			buildConfigurationList = 847AB1342C2313E50046D3DF /* Build configuration list for PBXNativeTarget "ShoppingApp" */;
			buildPhases = (
				4C3963389F8C473D146FBFC8 /* [CP] Check Pods Manifest.lock */,
				847AB1062C2313E30046D3DF /* Sources */,
				847AB1072C2313E30046D3DF /* Frameworks */,
				847AB1082C2313E30046D3DF /* Resources */,
			);
			buildRules = (
			);
			dependencies = (
			);
			name = ShoppingApp;
			packageProductDependencies = (
				847AB1442C2316110046D3DF /* SnapKit */,
				847AB1482C232B4F0046D3DF /* Apollo */,
				847AB14A2C232B4F0046D3DF /* Apollo-Dynamic */,
				847AB14C2C232B4F0046D3DF /* ApolloAPI */,
				847AB14E2C232B4F0046D3DF /* ApolloSQLite */,
			);
			productName = ShoppingApp;
			productReference = 847AB10A2C2313E30046D3DF /* ShoppingApp.app */;
			productType = "com.apple.product-type.application";
		};
/* End PBXNativeTarget section */

/* Begin PBXProject section */
		847AB1022C2313E30046D3DF /* Project object */ = {
			isa = PBXProject;
			attributes = {
				BuildIndependentTargetsInParallel = 1;
				LastSwiftUpdateCheck = 1530;
				LastUpgradeCheck = 1530;
				TargetAttributes = {
					847AB1092C2313E30046D3DF = {
						CreatedOnToolsVersion = 15.3;
					};
				};
			};
			buildConfigurationList = 847AB1052C2313E30046D3DF /* Build configuration list for PBXProject "ShoppingApp" */;
			compatibilityVersion = "Xcode 14.0";
			developmentRegion = en;
			hasScannedForEncodings = 0;
			knownRegions = (
				en,
				Base,
			);
			mainGroup = 847AB1012C2313E30046D3DF;
			packageReferences = (
				847AB1432C2316110046D3DF /* XCRemoteSwiftPackageReference "SnapKit" */,
				847AB1472C232B4F0046D3DF /* XCRemoteSwiftPackageReference "apollo-ios" */,
			);
			productRefGroup = 847AB10B2C2313E30046D3DF /* Products */;
			projectDirPath = "";
			projectRoot = "";
			targets = (
				847AB1092C2313E30046D3DF /* ShoppingApp */,
			);
		};
/* End PBXProject section */

/* Begin PBXResourcesBuildPhase section */
		847AB1082C2313E30046D3DF /* Resources */ = {
			isa = PBXResourcesBuildPhase;
			buildActionMask = 2147483647;
			files = (
				847AB1172C2313E50046D3DF /* Assets.xcassets in Resources */,
				847AB11A2C2313E50046D3DF /* Base in Resources */,
				847AB1152C2313E30046D3DF /* Base in Resources */,
			);
			runOnlyForDeploymentPostprocessing = 0;
		};
/* End PBXResourcesBuildPhase section */

/* Begin PBXShellScriptBuildPhase section */
		4C3963389F8C473D146FBFC8 /* [CP] Check Pods Manifest.lock */ = {
			isa = PBXShellScriptBuildPhase;
			buildActionMask = 2147483647;
			files = (
			);
			inputFileListPaths = (
			);
			inputPaths = (
				"${PODS_PODFILE_DIR_PATH}/Podfile.lock",
				"${PODS_ROOT}/Manifest.lock",
			);
			name = "[CP] Check Pods Manifest.lock";
			outputFileListPaths = (
			);
			outputPaths = (
				"$(DERIVED_FILE_DIR)/Pods-ShoppingApp-checkManifestLockResult.txt",
			);
			runOnlyForDeploymentPostprocessing = 0;
			shellPath = /bin/sh;
			shellScript = "diff \"${PODS_PODFILE_DIR_PATH}/Podfile.lock\" \"${PODS_ROOT}/Manifest.lock\" > /dev/null\nif [ $? != 0 ] ; then\n    # print error to STDERR\n    echo \"error: The sandbox is not in sync with the Podfile.lock. Run 'pod install' or update your CocoaPods installation.\" >&2\n    exit 1\nfi\n# This output is used by Xcode 'outputs' to avoid re-running this script phase.\necho \"SUCCESS\" > \"${SCRIPT_OUTPUT_FILE_0}\"\n";
			showEnvVarsInLog = 0;
		};
/* End PBXShellScriptBuildPhase section */

/* Begin PBXSourcesBuildPhase section */
		847AB1062C2313E30046D3DF /* Sources */ = {
			isa = PBXSourcesBuildPhase;
			buildActionMask = 2147483647;
			files = (
				847AB1122C2313E30046D3DF /* ViewController.swift in Sources */,
				847AB10E2C2313E30046D3DF /* AppDelegate.swift in Sources */,
				847AB1512C232F4B0046D3DF /* Network.swift in Sources */,
				847AB1102C2313E30046D3DF /* SceneDelegate.swift in Sources */,
			);
			runOnlyForDeploymentPostprocessing = 0;
		};
/* End PBXSourcesBuildPhase section */

/* Begin PBXVariantGroup section */
		847AB1132C2313E30046D3DF /* Main.storyboard */ = {
			isa = PBXVariantGroup;
			children = (
				847AB1142C2313E30046D3DF /* Base */,
			);
			name = Main.storyboard;
			sourceTree = "<group>";
		};
		847AB1182C2313E50046D3DF /* LaunchScreen.storyboard */ = {
			isa = PBXVariantGroup;
			children = (
				847AB1192C2313E50046D3DF /* Base */,
			);
			name = LaunchScreen.storyboard;
			sourceTree = "<group>";
		};
/* End PBXVariantGroup section */

/* Begin XCBuildConfiguration section */
		847AB1322C2313E50046D3DF /* Debug */ = {
			isa = XCBuildConfiguration;
			buildSettings = {
				ALWAYS_SEARCH_USER_PATHS = NO;
				ASSETCATALOG_COMPILER_GENERATE_SWIFT_ASSET_SYMBOL_EXTENSIONS = YES;
				CLANG_ANALYZER_NONNULL = YES;
				CLANG_ANALYZER_NUMBER_OBJECT_CONVERSION = YES_AGGRESSIVE;
				CLANG_CXX_LANGUAGE_STANDARD = "gnu++20";
				CLANG_ENABLE_MODULES = YES;
				CLANG_ENABLE_OBJC_ARC = YES;
				CLANG_ENABLE_OBJC_WEAK = YES;
				CLANG_WARN_BLOCK_CAPTURE_AUTORELEASING = YES;
				CLANG_WARN_BOOL_CONVERSION = YES;
				CLANG_WARN_COMMA = YES;
				CLANG_WARN_CONSTANT_CONVERSION = YES;
				CLANG_WARN_DEPRECATED_OBJC_IMPLEMENTATIONS = YES;
				CLANG_WARN_DIRECT_OBJC_ISA_USAGE = YES_ERROR;
				CLANG_WARN_DOCUMENTATION_COMMENTS = YES;
				CLANG_WARN_EMPTY_BODY = YES;
				CLANG_WARN_ENUM_CONVERSION = YES;
				CLANG_WARN_INFINITE_RECURSION = YES;
				CLANG_WARN_INT_CONVERSION = YES;
				CLANG_WARN_NON_LITERAL_NULL_CONVERSION = YES;
				CLANG_WARN_OBJC_IMPLICIT_RETAIN_SELF = YES;
				CLANG_WARN_OBJC_LITERAL_CONVERSION = YES;
				CLANG_WARN_OBJC_ROOT_CLASS = YES_ERROR;
				CLANG_WARN_QUOTED_INCLUDE_IN_FRAMEWORK_HEADER = YES;
				CLANG_WARN_RANGE_LOOP_ANALYSIS = YES;
				CLANG_WARN_STRICT_PROTOTYPES = YES;
				CLANG_WARN_SUSPICIOUS_MOVE = YES;
				CLANG_WARN_UNGUARDED_AVAILABILITY = YES_AGGRESSIVE;
				CLANG_WARN_UNREACHABLE_CODE = YES;
				CLANG_WARN__DUPLICATE_METHOD_MATCH = YES;
				COPY_PHASE_STRIP = NO;
				DEBUG_INFORMATION_FORMAT = dwarf;
				ENABLE_STRICT_OBJC_MSGSEND = YES;
				ENABLE_TESTABILITY = YES;
				ENABLE_USER_SCRIPT_SANDBOXING = YES;
				GCC_C_LANGUAGE_STANDARD = gnu17;
				GCC_DYNAMIC_NO_PIC = NO;
				GCC_NO_COMMON_BLOCKS = YES;
				GCC_OPTIMIZATION_LEVEL = 0;
				GCC_PREPROCESSOR_DEFINITIONS = (
					"DEBUG=1",
					"$(inherited)",
				);
				GCC_WARN_64_TO_32_BIT_CONVERSION = YES;
				GCC_WARN_ABOUT_RETURN_TYPE = YES_ERROR;
				GCC_WARN_UNDECLARED_SELECTOR = YES;
				GCC_WARN_UNINITIALIZED_AUTOS = YES_AGGRESSIVE;
				GCC_WARN_UNUSED_FUNCTION = YES;
				GCC_WARN_UNUSED_VARIABLE = YES;
				IPHONEOS_DEPLOYMENT_TARGET = 17.4;
				LOCALIZATION_PREFERS_STRING_CATALOGS = YES;
				MTL_ENABLE_DEBUG_INFO = INCLUDE_SOURCE;
				MTL_FAST_MATH = YES;
				ONLY_ACTIVE_ARCH = YES;
				SDKROOT = iphoneos;
				SWIFT_ACTIVE_COMPILATION_CONDITIONS = "DEBUG $(inherited)";
				SWIFT_OPTIMIZATION_LEVEL = "-Onone";
			};
			name = Debug;
		};
		847AB1332C2313E50046D3DF /* Release */ = {
			isa = XCBuildConfiguration;
			buildSettings = {
				ALWAYS_SEARCH_USER_PATHS = NO;
				ASSETCATALOG_COMPILER_GENERATE_SWIFT_ASSET_SYMBOL_EXTENSIONS = YES;
				CLANG_ANALYZER_NONNULL = YES;
				CLANG_ANALYZER_NUMBER_OBJECT_CONVERSION = YES_AGGRESSIVE;
				CLANG_CXX_LANGUAGE_STANDARD = "gnu++20";
				CLANG_ENABLE_MODULES = YES;
				CLANG_ENABLE_OBJC_ARC = YES;
				CLANG_ENABLE_OBJC_WEAK = YES;
				CLANG_WARN_BLOCK_CAPTURE_AUTORELEASING = YES;
				CLANG_WARN_BOOL_CONVERSION = YES;
				CLANG_WARN_COMMA = YES;
				CLANG_WARN_CONSTANT_CONVERSION = YES;
				CLANG_WARN_DEPRECATED_OBJC_IMPLEMENTATIONS = YES;
				CLANG_WARN_DIRECT_OBJC_ISA_USAGE = YES_ERROR;
				CLANG_WARN_DOCUMENTATION_COMMENTS = YES;
				CLANG_WARN_EMPTY_BODY = YES;
				CLANG_WARN_ENUM_CONVERSION = YES;
				CLANG_WARN_INFINITE_RECURSION = YES;
				CLANG_WARN_INT_CONVERSION = YES;
				CLANG_WARN_NON_LITERAL_NULL_CONVERSION = YES;
				CLANG_WARN_OBJC_IMPLICIT_RETAIN_SELF = YES;
				CLANG_WARN_OBJC_LITERAL_CONVERSION = YES;
				CLANG_WARN_OBJC_ROOT_CLASS = YES_ERROR;
				CLANG_WARN_QUOTED_INCLUDE_IN_FRAMEWORK_HEADER = YES;
				CLANG_WARN_RANGE_LOOP_ANALYSIS = YES;
				CLANG_WARN_STRICT_PROTOTYPES = YES;
				CLANG_WARN_SUSPICIOUS_MOVE = YES;
				CLANG_WARN_UNGUARDED_AVAILABILITY = YES_AGGRESSIVE;
				CLANG_WARN_UNREACHABLE_CODE = YES;
				CLANG_WARN__DUPLICATE_METHOD_MATCH = YES;
				COPY_PHASE_STRIP = NO;
				DEBUG_INFORMATION_FORMAT = "dwarf-with-dsym";
				ENABLE_NS_ASSERTIONS = NO;
				ENABLE_STRICT_OBJC_MSGSEND = YES;
				ENABLE_USER_SCRIPT_SANDBOXING = YES;
				GCC_C_LANGUAGE_STANDARD = gnu17;
				GCC_NO_COMMON_BLOCKS = YES;
				GCC_WARN_64_TO_32_BIT_CONVERSION = YES;
				GCC_WARN_ABOUT_RETURN_TYPE = YES_ERROR;
				GCC_WARN_UNDECLARED_SELECTOR = YES;
				GCC_WARN_UNINITIALIZED_AUTOS = YES_AGGRESSIVE;
				GCC_WARN_UNUSED_FUNCTION = YES;
				GCC_WARN_UNUSED_VARIABLE = YES;
				IPHONEOS_DEPLOYMENT_TARGET = 17.4;
				LOCALIZATION_PREFERS_STRING_CATALOGS = YES;
				MTL_ENABLE_DEBUG_INFO = NO;
				MTL_FAST_MATH = YES;
				SDKROOT = iphoneos;
				SWIFT_COMPILATION_MODE = wholemodule;
				VALIDATE_PRODUCT = YES;
			};
			name = Release;
		};
		847AB1352C2313E50046D3DF /* Debug */ = {
			isa = XCBuildConfiguration;
			baseConfigurationReference = 493832062ACB280076114FDA /* Pods-ShoppingApp.debug.xcconfig */;
			buildSettings = {
				ASSETCATALOG_COMPILER_APPICON_NAME = AppIcon;
				ASSETCATALOG_COMPILER_GLOBAL_ACCENT_COLOR_NAME = AccentColor;
				CODE_SIGN_STYLE = Automatic;
				CURRENT_PROJECT_VERSION = 1;
				DEVELOPMENT_TEAM = YRNP9424GX;
				GENERATE_INFOPLIST_FILE = YES;
				INFOPLIST_FILE = ShoppingApp/Info.plist;
				INFOPLIST_KEY_UIApplicationSupportsIndirectInputEvents = YES;
				INFOPLIST_KEY_UILaunchStoryboardName = LaunchScreen;
				INFOPLIST_KEY_UIMainStoryboardFile = Main;
				INFOPLIST_KEY_UISupportedInterfaceOrientations = UIInterfaceOrientationPortrait;
				INFOPLIST_KEY_UISupportedInterfaceOrientations_iPad = "UIInterfaceOrientationLandscapeLeft UIInterfaceOrientationLandscapeRight UIInterfaceOrientationPortrait UIInterfaceOrientationPortraitUpsideDown";
				IPHONEOS_DEPLOYMENT_TARGET = 13.0;
				LD_RUNPATH_SEARCH_PATHS = (
					"$(inherited)",
					"@executable_path/Frameworks",
				);
				MARKETING_VERSION = 1.0;
				PRODUCT_BUNDLE_IDENTIFIER = game.uz.ShoppingApp;
				PRODUCT_NAME = "$(TARGET_NAME)";
				SUPPORTED_PLATFORMS = "iphoneos iphonesimulator";
				SUPPORTS_MACCATALYST = NO;
				SUPPORTS_MAC_DESIGNED_FOR_IPHONE_IPAD = NO;
				SUPPORTS_XR_DESIGNED_FOR_IPHONE_IPAD = NO;
				SWIFT_EMIT_LOC_STRINGS = YES;
				SWIFT_VERSION = 5.0;
				TARGETED_DEVICE_FAMILY = 1;
			};
			name = Debug;
		};
		847AB1362C2313E50046D3DF /* Release */ = {
			isa = XCBuildConfiguration;
			baseConfigurationReference = 500AE14AC6FD36033FCF04BE /* Pods-ShoppingApp.release.xcconfig */;
			buildSettings = {
				ASSETCATALOG_COMPILER_APPICON_NAME = AppIcon;
				ASSETCATALOG_COMPILER_GLOBAL_ACCENT_COLOR_NAME = AccentColor;
				CODE_SIGN_STYLE = Automatic;
				CURRENT_PROJECT_VERSION = 1;
				DEVELOPMENT_TEAM = YRNP9424GX;
				GENERATE_INFOPLIST_FILE = YES;
				INFOPLIST_FILE = ShoppingApp/Info.plist;
				INFOPLIST_KEY_UIApplicationSupportsIndirectInputEvents = YES;
				INFOPLIST_KEY_UILaunchStoryboardName = LaunchScreen;
				INFOPLIST_KEY_UIMainStoryboardFile = Main;
				INFOPLIST_KEY_UISupportedInterfaceOrientations = UIInterfaceOrientationPortrait;
				INFOPLIST_KEY_UISupportedInterfaceOrientations_iPad = "UIInterfaceOrientationLandscapeLeft UIInterfaceOrientationLandscapeRight UIInterfaceOrientationPortrait UIInterfaceOrientationPortraitUpsideDown";
				IPHONEOS_DEPLOYMENT_TARGET = 13.0;
				LD_RUNPATH_SEARCH_PATHS = (
					"$(inherited)",
					"@executable_path/Frameworks",
				);
				MARKETING_VERSION = 1.0;
				PRODUCT_BUNDLE_IDENTIFIER = game.uz.ShoppingApp;
				PRODUCT_NAME = "$(TARGET_NAME)";
				SUPPORTED_PLATFORMS = "iphoneos iphonesimulator";
				SUPPORTS_MACCATALYST = NO;
				SUPPORTS_MAC_DESIGNED_FOR_IPHONE_IPAD = NO;
				SUPPORTS_XR_DESIGNED_FOR_IPHONE_IPAD = NO;
				SWIFT_EMIT_LOC_STRINGS = YES;
				SWIFT_VERSION = 5.0;
				TARGETED_DEVICE_FAMILY = 1;
			};
			name = Release;
		};
/* End XCBuildConfiguration section */

/* Begin XCConfigurationList section */
		847AB1052C2313E30046D3DF /* Build configuration list for PBXProject "ShoppingApp" */ = {
			isa = XCConfigurationList;
			buildConfigurations = (
				847AB1322C2313E50046D3DF /* Debug */,
				847AB1332C2313E50046D3DF /* Release */,
			);
			defaultConfigurationIsVisible = 0;
			defaultConfigurationName = Release;
		};
		847AB1342C2313E50046D3DF /* Build configuration list for PBXNativeTarget "ShoppingApp" */ = {
			isa = XCConfigurationList;
			buildConfigurations = (
				847AB1352C2313E50046D3DF /* Debug */,
				847AB1362C2313E50046D3DF /* Release */,
			);
			defaultConfigurationIsVisible = 0;
			defaultConfigurationName = Release;
		};
/* End XCConfigurationList section */

/* Begin XCRemoteSwiftPackageReference section */
		847AB1432C2316110046D3DF /* XCRemoteSwiftPackageReference "SnapKit" */ = {
			isa = XCRemoteSwiftPackageReference;
			repositoryURL = "https://github.com/SnapKit/SnapKit.git";
			requirement = {
				kind = upToNextMajorVersion;
				minimumVersion = 5.7.1;
			};
		};
		847AB1472C232B4F0046D3DF /* XCRemoteSwiftPackageReference "apollo-ios" */ = {
			isa = XCRemoteSwiftPackageReference;
			repositoryURL = "https://github.com/apollographql/apollo-ios.git";
			requirement = {
				kind = upToNextMajorVersion;
				minimumVersion = 1.12.2;
			};
		};
/* End XCRemoteSwiftPackageReference section */

/* Begin XCSwiftPackageProductDependency section */
		847AB1442C2316110046D3DF /* SnapKit */ = {
			isa = XCSwiftPackageProductDependency;
			package = 847AB1432C2316110046D3DF /* XCRemoteSwiftPackageReference "SnapKit" */;
			productName = SnapKit;
		};
		847AB1482C232B4F0046D3DF /* Apollo */ = {
			isa = XCSwiftPackageProductDependency;
			package = 847AB1472C232B4F0046D3DF /* XCRemoteSwiftPackageReference "apollo-ios" */;
			productName = Apollo;
		};
		847AB14A2C232B4F0046D3DF /* Apollo-Dynamic */ = {
			isa = XCSwiftPackageProductDependency;
			package = 847AB1472C232B4F0046D3DF /* XCRemoteSwiftPackageReference "apollo-ios" */;
			productName = "Apollo-Dynamic";
		};
		847AB14C2C232B4F0046D3DF /* ApolloAPI */ = {
			isa = XCSwiftPackageProductDependency;
			package = 847AB1472C232B4F0046D3DF /* XCRemoteSwiftPackageReference "apollo-ios" */;
			productName = ApolloAPI;
		};
		847AB14E2C232B4F0046D3DF /* ApolloSQLite */ = {
			isa = XCSwiftPackageProductDependency;
			package = 847AB1472C232B4F0046D3DF /* XCRemoteSwiftPackageReference "apollo-ios" */;
			productName = ApolloSQLite;
		};
/* End XCSwiftPackageProductDependency section */
	};
	rootObject = 847AB1022C2313E30046D3DF /* Project object */;
}
